<Solution>
  <Project Path="InchirieriAuto.WPF/InchirieriAuto.WPF.csproj" Id="1d5a0f5c-ce23-4d86-8ab8-e02267a7fc8e" />
  <Project Path="LibrarieModele/LibrarieModele.csproj" Id="5d66a850-ac7e-404c-84da-fc104e0f9f9c" />
  <Project Path="NivelStocareDate/NivelStocareDate.csproj" Id="af4db247-94a6-464f-9e07-4bdf48e92216" />
  <Project Path="Proiect/Proiect.csproj" />
</Solution>
